
Microsoft Visual Studio Solution File, Format Version 12.00
# Visual Studio Version 16
VisualStudioVersion = 16.0.29827.131
MinimumVisualStudioVersion = 10.0.40219.1
Project("{FAE04EC0-301F-11D3-BF4B-00C04F79EFBC}") = "LiesBeneathSaveTransfer", "LiesBeneathSaveTransfer\LiesBeneathSaveTransfer.csproj", "{9DCCACDF-6EDC-489B-9653-872224CE3C5A}"
EndProject
Global
	GlobalSection(SolutionConfigurationPlatforms) = preSolution
		Debug|Any CPU = Debug|Any CPU
		Release|Any CPU = Release|Any CPU
	EndGlobalSection
	GlobalSection(ProjectConfigurationPlatforms) = postSolution
		{9DCCACDF-6EDC-489B-9653-872224CE3C5A}.Debug|Any CPU.ActiveCfg = Debug|Any CPU
		{9DCCACDF-6EDC-489B-9653-872224CE3C5A}.Debug|Any CPU.Build.0 = Debug|Any CPU
		{9DCCACDF-6EDC-489B-9653-872224CE3C5A}.Release|Any CPU.ActiveCfg = Release|Any CPU
		{9DCCACDF-6EDC-489B-9653-872224CE3C5A}.Release|Any CPU.Build.0 = Release|Any CPU
	EndGlobalSection
	GlobalSection(SolutionProperties) = preSolution
		HideSolutionNode = FALSE
	EndGlobalSection
	GlobalSection(ExtensibilityGlobals) = postSolution
		SolutionGuid = {B392D83A-9F47-4269-9DA0-6760042E3B8A}
	EndGlobalSection
EndGlobal
